
Microsoft Visual Studio Solution File, Format Version 12.00
# Visual Studio 15
VisualStudioVersion = 15.0.27703.2035
MinimumVisualStudioVersion = 10.0.40219.1
Project("{FAE04EC0-301F-11D3-BF4B-00C04F79EFBC}") = "SampleAzureWebApp", "SampleAzureWebApp\SampleAzureWebApp.csproj", "{A23516BD-97D6-47FB-AC8B-1FFB3C14B393}"
EndProject
Global
	GlobalSection(SolutionConfigurationPlatforms) = preSolution
		Debug|Any CPU = Debug|Any CPU
		Release|Any CPU = Release|Any CPU
	EndGlobalSection
	GlobalSection(ProjectConfigurationPlatforms) = postSolution
		{A23516BD-97D6-47FB-AC8B-1FFB3C14B393}.Debug|Any CPU.ActiveCfg = Debug|Any CPU
		{A23516BD-97D6-47FB-AC8B-1FFB3C14B393}.Debug|Any CPU.Build.0 = Debug|Any CPU
		{A23516BD-97D6-47FB-AC8B-1FFB3C14B393}.Release|Any CPU.ActiveCfg = Release|Any CPU
		{A23516BD-97D6-47FB-AC8B-1FFB3C14B393}.Release|Any CPU.Build.0 = Release|Any CPU
	EndGlobalSection
	GlobalSection(SolutionProperties) = preSolution
		HideSolutionNode = FALSE
	EndGlobalSection
	GlobalSection(ExtensibilityGlobals) = postSolution
		SolutionGuid = {B9C46702-8433-40D7-A8AB-A73B59DAF984}
	EndGlobalSection
EndGlobal
